// !$*UTF8*$!
{
	archiveVersion = 1;
	classes = {
	};
	objectVersion = 48;
	objects = {

/* Begin PBXBuildFile section */
		183FF94E2010440B00A84D2D /* AppDelegate.m in Sources */ = {isa = PBXBuildFile; fileRef = 183FF94D2010440B00A84D2D /* AppDelegate.m */; };
		183FF9512010440B00A84D2D /* ViewController.m in Sources */ = {isa = PBXBuildFile; fileRef = 183FF9502010440B00A84D2D /* ViewController.m */; };
		183FF9542010440B00A84D2D /* Main.storyboard in Resources */ = {isa = PBXBuildFile; fileRef = 183FF9522010440B00A84D2D /* Main.storyboard */; };
		183FF9562010440B00A84D2D /* Assets.xcassets in Resources */ = {isa = PBXBuildFile; fileRef = 183FF9552010440B00A84D2D /* Assets.xcassets */; };
		183FF9592010440B00A84D2D /* LaunchScreen.storyboard in Resources */ = {isa = PBXBuildFile; fileRef = 183FF9572010440B00A84D2D /* LaunchScreen.storyboard */; };
		183FF95C2010440C00A84D2D /* main.m in Sources */ = {isa = PBXBuildFile; fileRef = 183FF95B2010440C00A84D2D /* main.m */; };
		183FF9662010440C00A84D2D /* SFAudioRecorderTests.m in Sources */ = {isa = PBXBuildFile; fileRef = 183FF9652010440C00A84D2D /* SFAudioRecorderTests.m */; };
		183FF9712010440C00A84D2D /* SFAudioRecorderUITests.m in Sources */ = {isa = PBXBuildFile; fileRef = 183FF9702010440C00A84D2D /* SFAudioRecorderUITests.m */; };
		183FF9CD201044DE00A84D2D /* UIButton+SFButton.m in Sources */ = {isa = PBXBuildFile; fileRef = 183FF98A201044DE00A84D2D /* UIButton+SFButton.m */; };
		183FF9CE201044DE00A84D2D /* LGAlertView.m in Sources */ = {isa = PBXBuildFile; fileRef = 183FF98E201044DE00A84D2D /* LGAlertView.m */; };
		183FF9CF201044DE00A84D2D /* LGAlertViewButton.m in Sources */ = {isa = PBXBuildFile; fileRef = 183FF990201044DE00A84D2D /* LGAlertViewButton.m */; };
		183FF9D0201044DE00A84D2D /* LGAlertViewButtonProperties.m in Sources */ = {isa = PBXBuildFile; fileRef = 183FF992201044DE00A84D2D /* LGAlertViewButtonProperties.m */; };
		183FF9D1201044DE00A84D2D /* LGAlertViewCell.m in Sources */ = {isa = PBXBuildFile; fileRef = 183FF994201044DE00A84D2D /* LGAlertViewCell.m */; };
		183FF9D2201044DE00A84D2D /* LGAlertViewController.m in Sources */ = {isa = PBXBuildFile; fileRef = 183FF996201044DE00A84D2D /* LGAlertViewController.m */; };
		183FF9D3201044DE00A84D2D /* LGAlertViewHelper.m in Sources */ = {isa = PBXBuildFile; fileRef = 183FF998201044DE00A84D2D /* LGAlertViewHelper.m */; };
		183FF9D4201044DE00A84D2D /* LGAlertViewShadowView.m in Sources */ = {isa = PBXBuildFile; fileRef = 183FF99A201044DE00A84D2D /* LGAlertViewShadowView.m */; };
		183FF9D5201044DE00A84D2D /* LGAlertViewTextField.m in Sources */ = {isa = PBXBuildFile; fileRef = 183FF99D201044DE00A84D2D /* LGAlertViewTextField.m */; };
		183FF9D6201044DE00A84D2D /* LGAlertViewWindow.m in Sources */ = {isa = PBXBuildFile; fileRef = 183FF99F201044DE00A84D2D /* LGAlertViewWindow.m */; };
		183FF9D7201044DE00A84D2D /* LGAlertViewWindowContainer.m in Sources */ = {isa = PBXBuildFile; fileRef = 183FF9A1201044DE00A84D2D /* LGAlertViewWindowContainer.m */; };
		183FF9D8201044DE00A84D2D /* LGAlertViewWindowsObserver.m in Sources */ = {isa = PBXBuildFile; fileRef = 183FF9A3201044DE00A84D2D /* LGAlertViewWindowsObserver.m */; };
		183FF9D9201044DE00A84D2D /* UIWindow+LGAlertView.m in Sources */ = {isa = PBXBuildFile; fileRef = 183FF9A5201044DE00A84D2D /* UIWindow+LGAlertView.m */; };
		183FF9DA201044DE00A84D2D /* MASCompositeConstraint.m in Sources */ = {isa = PBXBuildFile; fileRef = 183FF9A8201044DE00A84D2D /* MASCompositeConstraint.m */; };
		183FF9DB201044DE00A84D2D /* MASConstraint.m in Sources */ = {isa = PBXBuildFile; fileRef = 183FF9AB201044DE00A84D2D /* MASConstraint.m */; };
		183FF9DC201044DE00A84D2D /* MASConstraintMaker.m in Sources */ = {isa = PBXBuildFile; fileRef = 183FF9AD201044DE00A84D2D /* MASConstraintMaker.m */; };
		183FF9DD201044DE00A84D2D /* MASLayoutConstraint.m in Sources */ = {isa = PBXBuildFile; fileRef = 183FF9AF201044DE00A84D2D /* MASLayoutConstraint.m */; };
		183FF9DE201044DE00A84D2D /* MASViewAttribute.m in Sources */ = {isa = PBXBuildFile; fileRef = 183FF9B3201044DE00A84D2D /* MASViewAttribute.m */; };
		183FF9DF201044DE00A84D2D /* MASViewConstraint.m in Sources */ = {isa = PBXBuildFile; fileRef = 183FF9B5201044DE00A84D2D /* MASViewConstraint.m */; };
		183FF9E0201044DE00A84D2D /* NSArray+MASAdditions.m in Sources */ = {isa = PBXBuildFile; fileRef = 183FF9B7201044DE00A84D2D /* NSArray+MASAdditions.m */; };
		183FF9E1201044DE00A84D2D /* NSLayoutConstraint+MASDebugAdditions.m in Sources */ = {isa = PBXBuildFile; fileRef = 183FF9BA201044DE00A84D2D /* NSLayoutConstraint+MASDebugAdditions.m */; };
		183FF9E2201044DE00A84D2D /* View+MASAdditions.m in Sources */ = {isa = PBXBuildFile; fileRef = 183FF9BC201044DE00A84D2D /* View+MASAdditions.m */; };
		183FF9E3201044DE00A84D2D /* ViewController+MASAdditions.m in Sources */ = {isa = PBXBuildFile; fileRef = 183FF9BF201044DE00A84D2D /* ViewController+MASAdditions.m */; };
		183FF9E4201044DE00A84D2D /* MBProgressHUD.m in Sources */ = {isa = PBXBuildFile; fileRef = 183FF9C2201044DE00A84D2D /* MBProgressHUD.m */; };
		183FF9E5201044DE00A84D2D /* SFFileManager.m in Sources */ = {isa = PBXBuildFile; fileRef = 183FF9C6201044DE00A84D2D /* SFFileManager.m */; };
		183FF9E6201044DE00A84D2D /* SFGetTopVC.m in Sources */ = {isa = PBXBuildFile; fileRef = 183FF9C8201044DE00A84D2D /* SFGetTopVC.m */; };
		183FF9E7201044DE00A84D2D /* UIView+SFView.m in Sources */ = {isa = PBXBuildFile; fileRef = 183FF9CA201044DE00A84D2D /* UIView+SFView.m */; };
		183FF9EC2010463200A84D2D /* SFAudioManager.m in Sources */ = {isa = PBXBuildFile; fileRef = 183FF9EB2010463200A84D2D /* SFAudioManager.m */; };
		183FF9EF201046E300A84D2D /* AVFoundation.framework in Frameworks */ = {isa = PBXBuildFile; fileRef = 183FF9EE201046E300A84D2D /* AVFoundation.framework */; };
/* End PBXBuildFile section */

/* Begin PBXContainerItemProxy section */
		183FF9622010440C00A84D2D /* PBXContainerItemProxy */ = {
			isa = PBXContainerItemProxy;
			containerPortal = 183FF9412010440B00A84D2D /* Project object */;
			proxyType = 1;
			remoteGlobalIDString = 183FF9482010440B00A84D2D;
			remoteInfo = SFAudioRecorder;
		};
		183FF96D2010440C00A84D2D /* PBXContainerItemProxy */ = {
			isa = PBXContainerItemProxy;
			containerPortal = 183FF9412010440B00A84D2D /* Project object */;
			proxyType = 1;
			remoteGlobalIDString = 183FF9482010440B00A84D2D;
			remoteInfo = SFAudioRecorder;
		};
/* End PBXContainerItemProxy section */

/* Begin PBXFileReference section */
		183FF9492010440B00A84D2D /* SFAudioRecorder.app */ = {isa = PBXFileReference; explicitFileType = wrapper.application; includeInIndex = 0; path = SFAudioRecorder.app; sourceTree = BUILT_PRODUCTS_DIR; };
		183FF94C2010440B00A84D2D /* AppDelegate.h */ = {isa = PBXFileReference; lastKnownFileType = sourcecode.c.h; path = AppDelegate.h; sourceTree = "<group>"; };
		183FF94D2010440B00A84D2D /* AppDelegate.m */ = {isa = PBXFileReference; lastKnownFileType = sourcecode.c.objc; path = AppDelegate.m; sourceTree = "<group>"; };
		183FF94F2010440B00A84D2D /* ViewController.h */ = {isa = PBXFileReference; lastKnownFileType = sourcecode.c.h; path = ViewController.h; sourceTree = "<group>"; };
		183FF9502010440B00A84D2D /* ViewController.m */ = {isa = PBXFileReference; lastKnownFileType = sourcecode.c.objc; path = ViewController.m; sourceTree = "<group>"; };
		183FF9532010440B00A84D2D /* Base */ = {isa = PBXFileReference; lastKnownFileType = file.storyboard; name = Base; path = Base.lproj/Main.storyboard; sourceTree = "<group>"; };
		183FF9552010440B00A84D2D /* Assets.xcassets */ = {isa = PBXFileReference; lastKnownFileType = folder.assetcatalog; path = Assets.xcassets; sourceTree = "<group>"; };
		183FF9582010440B00A84D2D /* Base */ = {isa = PBXFileReference; lastKnownFileType = file.storyboard; name = Base; path = Base.lproj/LaunchScreen.storyboard; sourceTree = "<group>"; };
		183FF95A2010440C00A84D2D /* Info.plist */ = {isa = PBXFileReference; lastKnownFileType = text.plist.xml; path = Info.plist; sourceTree = "<group>"; };
		183FF95B2010440C00A84D2D /* main.m */ = {isa = PBXFileReference; lastKnownFileType = sourcecode.c.objc; path = main.m; sourceTree = "<group>"; };
		183FF9612010440C00A84D2D /* SFAudioRecorderTests.xctest */ = {isa = PBXFileReference; explicitFileType = wrapper.cfbundle; includeInIndex = 0; path = SFAudioRecorderTests.xctest; sourceTree = BUILT_PRODUCTS_DIR; };
		183FF9652010440C00A84D2D /* SFAudioRecorderTests.m */ = {isa = PBXFileReference; lastKnownFileType = sourcecode.c.objc; path = SFAudioRecorderTests.m; sourceTree = "<group>"; };
		183FF9672010440C00A84D2D /* Info.plist */ = {isa = PBXFileReference; lastKnownFileType = text.plist.xml; path = Info.plist; sourceTree = "<group>"; };
		183FF96C2010440C00A84D2D /* SFAudioRecorderUITests.xctest */ = {isa = PBXFileReference; explicitFileType = wrapper.cfbundle; includeInIndex = 0; path = SFAudioRecorderUITests.xctest; sourceTree = BUILT_PRODUCTS_DIR; };
		183FF9702010440C00A84D2D /* SFAudioRecorderUITests.m */ = {isa = PBXFileReference; lastKnownFileType = sourcecode.c.objc; path = SFAudioRecorderUITests.m; sourceTree = "<group>"; };
		183FF9722010440C00A84D2D /* Info.plist */ = {isa = PBXFileReference; lastKnownFileType = text.plist.xml; path = Info.plist; sourceTree = "<group>"; };
		183FF984201044DE00A84D2D /* SFAlterTagHeader.h */ = {isa = PBXFileReference; fileEncoding = 4; lastKnownFileType = sourcecode.c.h; path = SFAlterTagHeader.h; sourceTree = "<group>"; };
		183FF989201044DE00A84D2D /* UIButton+SFButton.h */ = {isa = PBXFileReference; fileEncoding = 4; lastKnownFileType = sourcecode.c.h; path = "UIButton+SFButton.h"; sourceTree = "<group>"; };
		183FF98A201044DE00A84D2D /* UIButton+SFButton.m */ = {isa = PBXFileReference; fileEncoding = 4; lastKnownFileType = sourcecode.c.objc; path = "UIButton+SFButton.m"; sourceTree = "<group>"; };
		183FF98D201044DE00A84D2D /* LGAlertView.h */ = {isa = PBXFileReference; fileEncoding = 4; lastKnownFileType = sourcecode.c.h; path = LGAlertView.h; sourceTree = "<group>"; };
		183FF98E201044DE00A84D2D /* LGAlertView.m */ = {isa = PBXFileReference; fileEncoding = 4; lastKnownFileType = sourcecode.c.objc; path = LGAlertView.m; sourceTree = "<group>"; };
		183FF98F201044DE00A84D2D /* LGAlertViewButton.h */ = {isa = PBXFileReference; fileEncoding = 4; lastKnownFileType = sourcecode.c.h; path = LGAlertViewButton.h; sourceTree = "<group>"; };
		183FF990201044DE00A84D2D /* LGAlertViewButton.m */ = {isa = PBXFileReference; fileEncoding = 4; lastKnownFileType = sourcecode.c.objc; path = LGAlertViewButton.m; sourceTree = "<group>"; };
		183FF991201044DE00A84D2D /* LGAlertViewButtonProperties.h */ = {isa = PBXFileReference; fileEncoding = 4; lastKnownFileType = sourcecode.c.h; path = LGAlertViewButtonProperties.h; sourceTree = "<group>"; };
		183FF992201044DE00A84D2D /* LGAlertViewButtonProperties.m */ = {isa = PBXFileReference; fileEncoding = 4; lastKnownFileType = sourcecode.c.objc; path = LGAlertViewButtonProperties.m; sourceTree = "<group>"; };
		183FF993201044DE00A84D2D /* LGAlertViewCell.h */ = {isa = PBXFileReference; fileEncoding = 4; lastKnownFileType = sourcecode.c.h; path = LGAlertViewCell.h; sourceTree = "<group>"; };
		183FF994201044DE00A84D2D /* LGAlertViewCell.m */ = {isa = PBXFileReference; fileEncoding = 4; lastKnownFileType = sourcecode.c.objc; path = LGAlertViewCell.m; sourceTree = "<group>"; };
		183FF995201044DE00A84D2D /* LGAlertViewController.h */ = {isa = PBXFileReference; fileEncoding = 4; lastKnownFileType = sourcecode.c.h; path = LGAlertViewController.h; sourceTree = "<group>"; };
		183FF996201044DE00A84D2D /* LGAlertViewController.m */ = {isa = PBXFileReference; fileEncoding = 4; lastKnownFileType = sourcecode.c.objc; path = LGAlertViewController.m; sourceTree = "<group>"; };
		183FF997201044DE00A84D2D /* LGAlertViewHelper.h */ = {isa = PBXFileReference; fileEncoding = 4; lastKnownFileType = sourcecode.c.h; path = LGAlertViewHelper.h; sourceTree = "<group>"; };
		183FF998201044DE00A84D2D /* LGAlertViewHelper.m */ = {isa = PBXFileReference; fileEncoding = 4; lastKnownFileType = sourcecode.c.objc; path = LGAlertViewHelper.m; sourceTree = "<group>"; };
		183FF999201044DE00A84D2D /* LGAlertViewShadowView.h */ = {isa = PBXFileReference; fileEncoding = 4; lastKnownFileType = sourcecode.c.h; path = LGAlertViewShadowView.h; sourceTree = "<group>"; };
		183FF99A201044DE00A84D2D /* LGAlertViewShadowView.m */ = {isa = PBXFileReference; fileEncoding = 4; lastKnownFileType = sourcecode.c.objc; path = LGAlertViewShadowView.m; sourceTree = "<group>"; };
		183FF99B201044DE00A84D2D /* LGAlertViewShared.h */ = {isa = PBXFileReference; fileEncoding = 4; lastKnownFileType = sourcecode.c.h; path = LGAlertViewShared.h; sourceTree = "<group>"; };
		183FF99C201044DE00A84D2D /* LGAlertViewTextField.h */ = {isa = PBXFileReference; fileEncoding = 4; lastKnownFileType = sourcecode.c.h; path = LGAlertViewTextField.h; sourceTree = "<group>"; };
		183FF99D201044DE00A84D2D /* LGAlertViewTextField.m */ = {isa = PBXFileReference; fileEncoding = 4; lastKnownFileType = sourcecode.c.objc; path = LGAlertViewTextField.m; sourceTree = "<group>"; };
		183FF99E201044DE00A84D2D /* LGAlertViewWindow.h */ = {isa = PBXFileReference; fileEncoding = 4; lastKnownFileType = sourcecode.c.h; path = LGAlertViewWindow.h; sourceTree = "<group>"; };
		183FF99F201044DE00A84D2D /* LGAlertViewWindow.m */ = {isa = PBXFileReference; fileEncoding = 4; lastKnownFileType = sourcecode.c.objc; path = LGAlertViewWindow.m; sourceTree = "<group>"; };
		183FF9A0201044DE00A84D2D /* LGAlertViewWindowContainer.h */ = {isa = PBXFileReference; fileEncoding = 4; lastKnownFileType = sourcecode.c.h; path = LGAlertViewWindowContainer.h; sourceTree = "<group>"; };
		183FF9A1201044DE00A84D2D /* LGAlertViewWindowContainer.m */ = {isa = PBXFileReference; fileEncoding = 4; lastKnownFileType = sourcecode.c.objc; path = LGAlertViewWindowContainer.m; sourceTree = "<group>"; };
		183FF9A2201044DE00A84D2D /* LGAlertViewWindowsObserver.h */ = {isa = PBXFileReference; fileEncoding = 4; lastKnownFileType = sourcecode.c.h; path = LGAlertViewWindowsObserver.h; sourceTree = "<group>"; };
		183FF9A3201044DE00A84D2D /* LGAlertViewWindowsObserver.m */ = {isa = PBXFileReference; fileEncoding = 4; lastKnownFileType = sourcecode.c.objc; path = LGAlertViewWindowsObserver.m; sourceTree = "<group>"; };
		183FF9A4201044DE00A84D2D /* UIWindow+LGAlertView.h */ = {isa = PBXFileReference; fileEncoding = 4; lastKnownFileType = sourcecode.c.h; path = "UIWindow+LGAlertView.h"; sourceTree = "<group>"; };
		183FF9A5201044DE00A84D2D /* UIWindow+LGAlertView.m */ = {isa = PBXFileReference; fileEncoding = 4; lastKnownFileType = sourcecode.c.objc; path = "UIWindow+LGAlertView.m"; sourceTree = "<group>"; };
		183FF9A7201044DE00A84D2D /* MASCompositeConstraint.h */ = {isa = PBXFileReference; fileEncoding = 4; lastKnownFileType = sourcecode.c.h; path = MASCompositeConstraint.h; sourceTree = "<group>"; };
		183FF9A8201044DE00A84D2D /* MASCompositeConstraint.m */ = {isa = PBXFileReference; fileEncoding = 4; lastKnownFileType = sourcecode.c.objc; path = MASCompositeConstraint.m; sourceTree = "<group>"; };
		183FF9A9201044DE00A84D2D /* MASConstraint+Private.h */ = {isa = PBXFileReference; fileEncoding = 4; lastKnownFileType = sourcecode.c.h; path = "MASConstraint+Private.h"; sourceTree = "<group>"; };
		183FF9AA201044DE00A84D2D /* MASConstraint.h */ = {isa = PBXFileReference; fileEncoding = 4; lastKnownFileType = sourcecode.c.h; path = MASConstraint.h; sourceTree = "<group>"; };
		183FF9AB201044DE00A84D2D /* MASConstraint.m */ = {isa = PBXFileReference; fileEncoding = 4; lastKnownFileType = sourcecode.c.objc; path = MASConstraint.m; sourceTree = "<group>"; };
		183FF9AC201044DE00A84D2D /* MASConstraintMaker.h */ = {isa = PBXFileReference; fileEncoding = 4; lastKnownFileType = sourcecode.c.h; path = MASConstraintMaker.h; sourceTree = "<group>"; };
		183FF9AD201044DE00A84D2D /* MASConstraintMaker.m */ = {isa = PBXFileReference; fileEncoding = 4; lastKnownFileType = sourcecode.c.objc; path = MASConstraintMaker.m; sourceTree = "<group>"; };
		183FF9AE201044DE00A84D2D /* MASLayoutConstraint.h */ = {isa = PBXFileReference; fileEncoding = 4; lastKnownFileType = sourcecode.c.h; path = MASLayoutConstraint.h; sourceTree = "<group>"; };
		183FF9AF201044DE00A84D2D /* MASLayoutConstraint.m */ = {isa = PBXFileReference; fileEncoding = 4; lastKnownFileType = sourcecode.c.objc; path = MASLayoutConstraint.m; sourceTree = "<group>"; };
		183FF9B0201044DE00A84D2D /* Masonry.h */ = {isa = PBXFileReference; fileEncoding = 4; lastKnownFileType = sourcecode.c.h; path = Masonry.h; sourceTree = "<group>"; };
		183FF9B1201044DE00A84D2D /* MASUtilities.h */ = {isa = PBXFileReference; fileEncoding = 4; lastKnownFileType = sourcecode.c.h; path = MASUtilities.h; sourceTree = "<group>"; };
		183FF9B2201044DE00A84D2D /* MASViewAttribute.h */ = {isa = PBXFileReference; fileEncoding = 4; lastKnownFileType = sourcecode.c.h; path = MASViewAttribute.h; sourceTree = "<group>"; };
		183FF9B3201044DE00A84D2D /* MASViewAttribute.m */ = {isa = PBXFileReference; fileEncoding = 4; lastKnownFileType = sourcecode.c.objc; path = MASViewAttribute.m; sourceTree = "<group>"; };
		183FF9B4201044DE00A84D2D /* MASViewConstraint.h */ = {isa = PBXFileReference; fileEncoding = 4; lastKnownFileType = sourcecode.c.h; path = MASViewConstraint.h; sourceTree = "<group>"; };
		183FF9B5201044DE00A84D2D /* MASViewConstraint.m */ = {isa = PBXFileReference; fileEncoding = 4; lastKnownFileType = sourcecode.c.objc; path = MASViewConstraint.m; sourceTree = "<group>"; };
		183FF9B6201044DE00A84D2D /* NSArray+MASAdditions.h */ = {isa = PBXFileReference; fileEncoding = 4; lastKnownFileType = sourcecode.c.h; path = "NSArray+MASAdditions.h"; sourceTree = "<group>"; };
		183FF9B7201044DE00A84D2D /* NSArray+MASAdditions.m */ = {isa = PBXFileReference; fileEncoding = 4; lastKnownFileType = sourcecode.c.objc; path = "NSArray+MASAdditions.m"; sourceTree = "<group>"; };
		183FF9B8201044DE00A84D2D /* NSArray+MASShorthandAdditions.h */ = {isa = PBXFileReference; fileEncoding = 4; lastKnownFileType = sourcecode.c.h; path = "NSArray+MASShorthandAdditions.h"; sourceTree = "<group>"; };
		183FF9B9201044DE00A84D2D /* NSLayoutConstraint+MASDebugAdditions.h */ = {isa = PBXFileReference; fileEncoding = 4; lastKnownFileType = sourcecode.c.h; path = "NSLayoutConstraint+MASDebugAdditions.h"; sourceTree = "<group>"; };
		183FF9BA201044DE00A84D2D /* NSLayoutConstraint+MASDebugAdditions.m */ = {isa = PBXFileReference; fileEncoding = 4; lastKnownFileType = sourcecode.c.objc; path = "NSLayoutConstraint+MASDebugAdditions.m"; sourceTree = "<group>"; };
		183FF9BB201044DE00A84D2D /* View+MASAdditions.h */ = {isa = PBXFileReference; fileEncoding = 4; lastKnownFileType = sourcecode.c.h; path = "View+MASAdditions.h"; sourceTree = "<group>"; };
		183FF9BC201044DE00A84D2D /* View+MASAdditions.m */ = {isa = PBXFileReference; fileEncoding = 4; lastKnownFileType = sourcecode.c.objc; path = "View+MASAdditions.m"; sourceTree = "<group>"; };
		183FF9BD201044DE00A84D2D /* View+MASShorthandAdditions.h */ = {isa = PBXFileReference; fileEncoding = 4; lastKnownFileType = sourcecode.c.h; path = "View+MASShorthandAdditions.h"; sourceTree = "<group>"; };
		183FF9BE201044DE00A84D2D /* ViewController+MASAdditions.h */ = {isa = PBXFileReference; fileEncoding = 4; lastKnownFileType = sourcecode.c.h; path = "ViewController+MASAdditions.h"; sourceTree = "<group>"; };
		183FF9BF201044DE00A84D2D /* ViewController+MASAdditions.m */ = {isa = PBXFileReference; fileEncoding = 4; lastKnownFileType = sourcecode.c.objc; path = "ViewController+MASAdditions.m"; sourceTree = "<group>"; };
		183FF9C1201044DE00A84D2D /* MBProgressHUD.h */ = {isa = PBXFileReference; fileEncoding = 4; lastKnownFileType = sourcecode.c.h; path = MBProgressHUD.h; sourceTree = "<group>"; };
		183FF9C2201044DE00A84D2D /* MBProgressHUD.m */ = {isa = PBXFileReference; fileEncoding = 4; lastKnownFileType = sourcecode.c.objc; path = MBProgressHUD.m; sourceTree = "<group>"; };
		183FF9C5201044DE00A84D2D /* SFFileManager.h */ = {isa = PBXFileReference; fileEncoding = 4; lastKnownFileType = sourcecode.c.h; path = SFFileManager.h; sourceTree = "<group>"; };
		183FF9C6201044DE00A84D2D /* SFFileManager.m */ = {isa = PBXFileReference; fileEncoding = 4; lastKnownFileType = sourcecode.c.objc; path = SFFileManager.m; sourceTree = "<group>"; };
		183FF9C7201044DE00A84D2D /* SFGetTopVC.h */ = {isa = PBXFileReference; fileEncoding = 4; lastKnownFileType = sourcecode.c.h; path = SFGetTopVC.h; sourceTree = "<group>"; };
		183FF9C8201044DE00A84D2D /* SFGetTopVC.m */ = {isa = PBXFileReference; fileEncoding = 4; lastKnownFileType = sourcecode.c.objc; path = SFGetTopVC.m; sourceTree = "<group>"; };
		183FF9C9201044DE00A84D2D /* UIView+SFView.h */ = {isa = PBXFileReference; fileEncoding = 4; lastKnownFileType = sourcecode.c.h; path = "UIView+SFView.h"; sourceTree = "<group>"; };
		183FF9CA201044DE00A84D2D /* UIView+SFView.m */ = {isa = PBXFileReference; fileEncoding = 4; lastKnownFileType = sourcecode.c.objc; path = "UIView+SFView.m"; sourceTree = "<group>"; };
		183FF9E82010450200A84D2D /* SFPrefixHeader.pch */ = {isa = PBXFileReference; lastKnownFileType = sourcecode.c.h; path = SFPrefixHeader.pch; sourceTree = "<group>"; };
		183FF9E92010457700A84D2D /* SFGlobalHeader.h */ = {isa = PBXFileReference; lastKnownFileType = sourcecode.c.h; path = SFGlobalHeader.h; sourceTree = "<group>"; };
		183FF9EA2010463200A84D2D /* SFAudioManager.h */ = {isa = PBXFileReference; lastKnownFileType = sourcecode.c.h; path = SFAudioManager.h; sourceTree = "<group>"; };
		183FF9EB2010463200A84D2D /* SFAudioManager.m */ = {isa = PBXFileReference; lastKnownFileType = sourcecode.c.objc; path = SFAudioManager.m; sourceTree = "<group>"; };
		183FF9EE201046E300A84D2D /* AVFoundation.framework */ = {isa = PBXFileReference; lastKnownFileType = wrapper.framework; name = AVFoundation.framework; path = System/Library/Frameworks/AVFoundation.framework; sourceTree = SDKROOT; };
/* End PBXFileReference section */

/* Begin PBXFrameworksBuildPhase section */
		183FF9462010440B00A84D2D /* Frameworks */ = {
			isa = PBXFrameworksBuildPhase;
			buildActionMask = 2147483647;
			files = (
				183FF9EF201046E300A84D2D /* AVFoundation.framework in Frameworks */,
			);
			runOnlyForDeploymentPostprocessing = 0;
		};
		183FF95E2010440C00A84D2D /* Frameworks */ = {
			isa = PBXFrameworksBuildPhase;
			buildActionMask = 2147483647;
			files = (
			);
			runOnlyForDeploymentPostprocessing = 0;
		};
		183FF9692010440C00A84D2D /* Frameworks */ = {
			isa = PBXFrameworksBuildPhase;
			buildActionMask = 2147483647;
			files = (
			);
			runOnlyForDeploymentPostprocessing = 0;
		};
/* End PBXFrameworksBuildPhase section */

/* Begin PBXGroup section */
		183FF9402010440B00A84D2D = {
			isa = PBXGroup;
			children = (
				183FF94B2010440B00A84D2D /* SFAudioRecorder */,
				183FF9642010440C00A84D2D /* SFAudioRecorderTests */,
				183FF96F2010440C00A84D2D /* SFAudioRecorderUITests */,
				183FF94A2010440B00A84D2D /* Products */,
				183FF9ED201046E300A84D2D /* Frameworks */,
			);
			sourceTree = "<group>";
		};
		183FF94A2010440B00A84D2D /* Products */ = {
			isa = PBXGroup;
			children = (
				183FF9492010440B00A84D2D /* SFAudioRecorder.app */,
				183FF9612010440C00A84D2D /* SFAudioRecorderTests.xctest */,
				183FF96C2010440C00A84D2D /* SFAudioRecorderUITests.xctest */,
			);
			name = Products;
			sourceTree = "<group>";
		};
		183FF94B2010440B00A84D2D /* SFAudioRecorder */ = {
			isa = PBXGroup;
			children = (
				183FF97E201044DE00A84D2D /* SFAudio */,
				183FF94C2010440B00A84D2D /* AppDelegate.h */,
				183FF94D2010440B00A84D2D /* AppDelegate.m */,
				183FF94F2010440B00A84D2D /* ViewController.h */,
				183FF9502010440B00A84D2D /* ViewController.m */,
				183FF9E82010450200A84D2D /* SFPrefixHeader.pch */,
				183FF9E92010457700A84D2D /* SFGlobalHeader.h */,
				183FF9522010440B00A84D2D /* Main.storyboard */,
				183FF9552010440B00A84D2D /* Assets.xcassets */,
				183FF9572010440B00A84D2D /* LaunchScreen.storyboard */,
				183FF95A2010440C00A84D2D /* Info.plist */,
				183FF95B2010440C00A84D2D /* main.m */,
			);
			path = SFAudioRecorder;
			sourceTree = "<group>";
		};
		183FF9642010440C00A84D2D /* SFAudioRecorderTests */ = {
			isa = PBXGroup;
			children = (
				183FF9652010440C00A84D2D /* SFAudioRecorderTests.m */,
				183FF9672010440C00A84D2D /* Info.plist */,
			);
			path = SFAudioRecorderTests;
			sourceTree = "<group>";
		};
		183FF96F2010440C00A84D2D /* SFAudioRecorderUITests */ = {
			isa = PBXGroup;
			children = (
				183FF9702010440C00A84D2D /* SFAudioRecorderUITests.m */,
				183FF9722010440C00A84D2D /* Info.plist */,
			);
			path = SFAudioRecorderUITests;
			sourceTree = "<group>";
		};
		183FF97E201044DE00A84D2D /* SFAudio */ = {
			isa = PBXGroup;
			children = (
				183FF97F201044DE00A84D2D /* SFMain */,
				183FF983201044DE00A84D2D /* SFTool */,
				183FF98B201044DE00A84D2D /* ThirdHelper */,
			);
			path = SFAudio;
			sourceTree = "<group>";
		};
		183FF97F201044DE00A84D2D /* SFMain */ = {
			isa = PBXGroup;
			children = (
				183FF980201044DE00A84D2D /* Controller */,
				183FF981201044DE00A84D2D /* Model */,
				183FF982201044DE00A84D2D /* View */,
			);
			path = SFMain;
			sourceTree = "<group>";
		};
		183FF980201044DE00A84D2D /* Controller */ = {
			isa = PBXGroup;
			children = (
			);
			path = Controller;
			sourceTree = "<group>";
		};
		183FF981201044DE00A84D2D /* Model */ = {
			isa = PBXGroup;
			children = (
			);
			path = Model;
			sourceTree = "<group>";
		};
		183FF982201044DE00A84D2D /* View */ = {
			isa = PBXGroup;
			children = (
			);
			path = View;
			sourceTree = "<group>";
		};
		183FF983201044DE00A84D2D /* SFTool */ = {
			isa = PBXGroup;
			children = (
				183FF984201044DE00A84D2D /* SFAlterTagHeader.h */,
				183FF989201044DE00A84D2D /* UIButton+SFButton.h */,
				183FF98A201044DE00A84D2D /* UIButton+SFButton.m */,
				183FF9EA2010463200A84D2D /* SFAudioManager.h */,
				183FF9EB2010463200A84D2D /* SFAudioManager.m */,
			);
			path = SFTool;
			sourceTree = "<group>";
		};
		183FF98B201044DE00A84D2D /* ThirdHelper */ = {
			isa = PBXGroup;
			children = (
				183FF98C201044DE00A84D2D /* LGAlertView */,
				183FF9A6201044DE00A84D2D /* Masonry */,
				183FF9C0201044DE00A84D2D /* MBProgressHUD */,
				183FF9C3201044DE00A84D2D /* SFHelper */,
			);
			path = ThirdHelper;
			sourceTree = "<group>";
		};
		183FF98C201044DE00A84D2D /* LGAlertView */ = {
			isa = PBXGroup;
			children = (
				183FF98D201044DE00A84D2D /* LGAlertView.h */,
				183FF98E201044DE00A84D2D /* LGAlertView.m */,
				183FF98F201044DE00A84D2D /* LGAlertViewButton.h */,
				183FF990201044DE00A84D2D /* LGAlertViewButton.m */,
				183FF991201044DE00A84D2D /* LGAlertViewButtonProperties.h */,
				183FF992201044DE00A84D2D /* LGAlertViewButtonProperties.m */,
				183FF993201044DE00A84D2D /* LGAlertViewCell.h */,
				183FF994201044DE00A84D2D /* LGAlertViewCell.m */,
				183FF995201044DE00A84D2D /* LGAlertViewController.h */,
				183FF996201044DE00A84D2D /* LGAlertViewController.m */,
				183FF997201044DE00A84D2D /* LGAlertViewHelper.h */,
				183FF998201044DE00A84D2D /* LGAlertViewHelper.m */,
				183FF999201044DE00A84D2D /* LGAlertViewShadowView.h */,
				183FF99A201044DE00A84D2D /* LGAlertViewShadowView.m */,
				183FF99B201044DE00A84D2D /* LGAlertViewShared.h */,
				183FF99C201044DE00A84D2D /* LGAlertViewTextField.h */,
				183FF99D201044DE00A84D2D /* LGAlertViewTextField.m */,
				183FF99E201044DE00A84D2D /* LGAlertViewWindow.h */,
				183FF99F201044DE00A84D2D /* LGAlertViewWindow.m */,
				183FF9A0201044DE00A84D2D /* LGAlertViewWindowContainer.h */,
				183FF9A1201044DE00A84D2D /* LGAlertViewWindowContainer.m */,
				183FF9A2201044DE00A84D2D /* LGAlertViewWindowsObserver.h */,
				183FF9A3201044DE00A84D2D /* LGAlertViewWindowsObserver.m */,
				183FF9A4201044DE00A84D2D /* UIWindow+LGAlertView.h */,
				183FF9A5201044DE00A84D2D /* UIWindow+LGAlertView.m */,
			);
			path = LGAlertView;
			sourceTree = "<group>";
		};
		183FF9A6201044DE00A84D2D /* Masonry */ = {
			isa = PBXGroup;
			children = (
				183FF9A7201044DE00A84D2D /* MASCompositeConstraint.h */,
				183FF9A8201044DE00A84D2D /* MASCompositeConstraint.m */,
				183FF9A9201044DE00A84D2D /* MASConstraint+Private.h */,
				183FF9AA201044DE00A84D2D /* MASConstraint.h */,
				183FF9AB201044DE00A84D2D /* MASConstraint.m */,
				183FF9AC201044DE00A84D2D /* MASConstraintMaker.h */,
				183FF9AD201044DE00A84D2D /* MASConstraintMaker.m */,
				183FF9AE201044DE00A84D2D /* MASLayoutConstraint.h */,
				183FF9AF201044DE00A84D2D /* MASLayoutConstraint.m */,
				183FF9B0201044DE00A84D2D /* Masonry.h */,
				183FF9B1201044DE00A84D2D /* MASUtilities.h */,
				183FF9B2201044DE00A84D2D /* MASViewAttribute.h */,
				183FF9B3201044DE00A84D2D /* MASViewAttribute.m */,
				183FF9B4201044DE00A84D2D /* MASViewConstraint.h */,
				183FF9B5201044DE00A84D2D /* MASViewConstraint.m */,
				183FF9B6201044DE00A84D2D /* NSArray+MASAdditions.h */,
				183FF9B7201044DE00A84D2D /* NSArray+MASAdditions.m */,
				183FF9B8201044DE00A84D2D /* NSArray+MASShorthandAdditions.h */,
				183FF9B9201044DE00A84D2D /* NSLayoutConstraint+MASDebugAdditions.h */,
				183FF9BA201044DE00A84D2D /* NSLayoutConstraint+MASDebugAdditions.m */,
				183FF9BB201044DE00A84D2D /* View+MASAdditions.h */,
				183FF9BC201044DE00A84D2D /* View+MASAdditions.m */,
				183FF9BD201044DE00A84D2D /* View+MASShorthandAdditions.h */,
				183FF9BE201044DE00A84D2D /* ViewController+MASAdditions.h */,
				183FF9BF201044DE00A84D2D /* ViewController+MASAdditions.m */,
			);
			path = Masonry;
			sourceTree = "<group>";
		};
		183FF9C0201044DE00A84D2D /* MBProgressHUD */ = {
			isa = PBXGroup;
			children = (
				183FF9C1201044DE00A84D2D /* MBProgressHUD.h */,
				183FF9C2201044DE00A84D2D /* MBProgressHUD.m */,
			);
			path = MBProgressHUD;
			sourceTree = "<group>";
		};
		183FF9C3201044DE00A84D2D /* SFHelper */ = {
			isa = PBXGroup;
			children = (
				183FF9C4201044DE00A84D2D /* SFFileManager */,
				183FF9C7201044DE00A84D2D /* SFGetTopVC.h */,
				183FF9C8201044DE00A84D2D /* SFGetTopVC.m */,
				183FF9C9201044DE00A84D2D /* UIView+SFView.h */,
				183FF9CA201044DE00A84D2D /* UIView+SFView.m */,
			);
			path = SFHelper;
			sourceTree = "<group>";
		};
		183FF9C4201044DE00A84D2D /* SFFileManager */ = {
			isa = PBXGroup;
			children = (
				183FF9C5201044DE00A84D2D /* SFFileManager.h */,
				183FF9C6201044DE00A84D2D /* SFFileManager.m */,
			);
			path = SFFileManager;
			sourceTree = "<group>";
		};
		183FF9ED201046E300A84D2D /* Frameworks */ = {
			isa = PBXGroup;
			children = (
				183FF9EE201046E300A84D2D /* AVFoundation.framework */,
			);
			name = Frameworks;
			sourceTree = "<group>";
		};
/* End PBXGroup section */

/* Begin PBXNativeTarget section */
		183FF9482010440B00A84D2D /* SFAudioRecorder */ = {
			isa = PBXNativeTarget;
			buildConfigurationList = 183FF9752010440C00A84D2D /* Build configuration list for PBXNativeTarget "SFAudioRecorder" */;
			buildPhases = (
				183FF9452010440B00A84D2D /* Sources */,
				183FF9462010440B00A84D2D /* Frameworks */,
				183FF9472010440B00A84D2D /* Resources */,
			);
			buildRules = (
			);
			dependencies = (
			);
			name = SFAudioRecorder;
			productName = SFAudioRecorder;
			productReference = 183FF9492010440B00A84D2D /* SFAudioRecorder.app */;
			productType = "com.apple.product-type.application";
		};
		183FF9602010440C00A84D2D /* SFAudioRecorderTests */ = {
			isa = PBXNativeTarget;
			buildConfigurationList = 183FF9782010440C00A84D2D /* Build configuration list for PBXNativeTarget "SFAudioRecorderTests" */;
			buildPhases = (
				183FF95D2010440C00A84D2D /* Sources */,
				183FF95E2010440C00A84D2D /* Frameworks */,
				183FF95F2010440C00A84D2D /* Resources */,
			);
			buildRules = (
			);
			dependencies = (
				183FF9632010440C00A84D2D /* PBXTargetDependency */,
			);
			name = SFAudioRecorderTests;
			productName = SFAudioRecorderTests;
			productReference = 183FF9612010440C00A84D2D /* SFAudioRecorderTests.xctest */;
			productType = "com.apple.product-type.bundle.unit-test";
		};
		183FF96B2010440C00A84D2D /* SFAudioRecorderUITests */ = {
			isa = PBXNativeTarget;
			buildConfigurationList = 183FF97B2010440C00A84D2D /* Build configuration list for PBXNativeTarget "SFAudioRecorderUITests" */;
			buildPhases = (
				183FF9682010440C00A84D2D /* Sources */,
				183FF9692010440C00A84D2D /* Frameworks */,
				183FF96A2010440C00A84D2D /* Resources */,
			);
			buildRules = (
			);
			dependencies = (
				183FF96E2010440C00A84D2D /* PBXTargetDependency */,
			);
			name = SFAudioRecorderUITests;
			productName = SFAudioRecorderUITests;
			productReference = 183FF96C2010440C00A84D2D /* SFAudioRecorderUITests.xctest */;
			productType = "com.apple.product-type.bundle.ui-testing";
		};
/* End PBXNativeTarget section */

/* Begin PBXProject section */
		183FF9412010440B00A84D2D /* Project object */ = {
			isa = PBXProject;
			attributes = {
				LastUpgradeCheck = 0920;
				ORGANIZATIONNAME = com.easyhospital;
				TargetAttributes = {
					183FF9482010440B00A84D2D = {
						CreatedOnToolsVersion = 9.2;
						ProvisioningStyle = Automatic;
					};
					183FF9602010440C00A84D2D = {
						CreatedOnToolsVersion = 9.2;
						ProvisioningStyle = Automatic;
						TestTargetID = 183FF9482010440B00A84D2D;
					};
					183FF96B2010440C00A84D2D = {
						CreatedOnToolsVersion = 9.2;
						ProvisioningStyle = Automatic;
						TestTargetID = 183FF9482010440B00A84D2D;
					};
				};
			};
			buildConfigurationList = 183FF9442010440B00A84D2D /* Build configuration list for PBXProject "SFAudioRecorder" */;
			compatibilityVersion = "Xcode 8.0";
			developmentRegion = en;
			hasScannedForEncodings = 0;
			knownRegions = (
				en,
				Base,
			);
			mainGroup = 183FF9402010440B00A84D2D;
			productRefGroup = 183FF94A2010440B00A84D2D /* Products */;
			projectDirPath = "";
			projectRoot = "";
			targets = (
				183FF9482010440B00A84D2D /* SFAudioRecorder */,
				183FF9602010440C00A84D2D /* SFAudioRecorderTests */,
				183FF96B2010440C00A84D2D /* SFAudioRecorderUITests */,
			);
		};
/* End PBXProject section */

/* Begin PBXResourcesBuildPhase section */
		183FF9472010440B00A84D2D /* Resources */ = {
			isa = PBXResourcesBuildPhase;
			buildActionMask = 2147483647;
			files = (
				183FF9592010440B00A84D2D /* LaunchScreen.storyboard in Resources */,
				183FF9562010440B00A84D2D /* Assets.xcassets in Resources */,
				183FF9542010440B00A84D2D /* Main.storyboard in Resources */,
			);
			runOnlyForDeploymentPostprocessing = 0;
		};
		183FF95F2010440C00A84D2D /* Resources */ = {
			isa = PBXResourcesBuildPhase;
			buildActionMask = 2147483647;
			files = (
			);
			runOnlyForDeploymentPostprocessing = 0;
		};
		183FF96A2010440C00A84D2D /* Resources */ = {
			isa = PBXResourcesBuildPhase;
			buildActionMask = 2147483647;
			files = (
			);
			runOnlyForDeploymentPostprocessing = 0;
		};
/* End PBXResourcesBuildPhase section */

/* Begin PBXSourcesBuildPhase section */
		183FF9452010440B00A84D2D /* Sources */ = {
			isa = PBXSourcesBuildPhase;
			buildActionMask = 2147483647;
			files = (
				183FF9D3201044DE00A84D2D /* LGAlertViewHelper.m in Sources */,
				183FF9D4201044DE00A84D2D /* LGAlertViewShadowView.m in Sources */,
				183FF9E7201044DE00A84D2D /* UIView+SFView.m in Sources */,
				183FF9D1201044DE00A84D2D /* LGAlertViewCell.m in Sources */,
				183FF9CF201044DE00A84D2D /* LGAlertViewButton.m in Sources */,
				183FF9DB201044DE00A84D2D /* MASConstraint.m in Sources */,
				183FF9EC2010463200A84D2D /* SFAudioManager.m in Sources */,
				183FF9DE201044DE00A84D2D /* MASViewAttribute.m in Sources */,
				183FF9D9201044DE00A84D2D /* UIWindow+LGAlertView.m in Sources */,
				183FF9DA201044DE00A84D2D /* MASCompositeConstraint.m in Sources */,
				183FF9E4201044DE00A84D2D /* MBProgressHUD.m in Sources */,
				183FF9E2201044DE00A84D2D /* View+MASAdditions.m in Sources */,
				183FF9D8201044DE00A84D2D /* LGAlertViewWindowsObserver.m in Sources */,
				183FF9D5201044DE00A84D2D /* LGAlertViewTextField.m in Sources */,
				183FF9E0201044DE00A84D2D /* NSArray+MASAdditions.m in Sources */,
				183FF9E6201044DE00A84D2D /* SFGetTopVC.m in Sources */,
				183FF9E1201044DE00A84D2D /* NSLayoutConstraint+MASDebugAdditions.m in Sources */,
				183FF9D0201044DE00A84D2D /* LGAlertViewButtonProperties.m in Sources */,
				183FF9D7201044DE00A84D2D /* LGAlertViewWindowContainer.m in Sources */,
				183FF9D2201044DE00A84D2D /* LGAlertViewController.m in Sources */,
				183FF9E3201044DE00A84D2D /* ViewController+MASAdditions.m in Sources */,
				183FF9DF201044DE00A84D2D /* MASViewConstraint.m in Sources */,
				183FF9DC201044DE00A84D2D /* MASConstraintMaker.m in Sources */,
				183FF9D6201044DE00A84D2D /* LGAlertViewWindow.m in Sources */,
				183FF9512010440B00A84D2D /* ViewController.m in Sources */,
				183FF95C2010440C00A84D2D /* main.m in Sources */,
				183FF9DD201044DE00A84D2D /* MASLayoutConstraint.m in Sources */,
				183FF9CD201044DE00A84D2D /* UIButton+SFButton.m in Sources */,
				183FF9CE201044DE00A84D2D /* LGAlertView.m in Sources */,
				183FF9E5201044DE00A84D2D /* SFFileManager.m in Sources */,
				183FF94E2010440B00A84D2D /* AppDelegate.m in Sources */,
			);
			runOnlyForDeploymentPostprocessing = 0;
		};
		183FF95D2010440C00A84D2D /* Sources */ = {
			isa = PBXSourcesBuildPhase;
			buildActionMask = 2147483647;
			files = (
				183FF9662010440C00A84D2D /* SFAudioRecorderTests.m in Sources */,
			);
			runOnlyForDeploymentPostprocessing = 0;
		};
		183FF9682010440C00A84D2D /* Sources */ = {
			isa = PBXSourcesBuildPhase;
			buildActionMask = 2147483647;
			files = (
				183FF9712010440C00A84D2D /* SFAudioRecorderUITests.m in Sources */,
			);
			runOnlyForDeploymentPostprocessing = 0;
		};
/* End PBXSourcesBuildPhase section */

/* Begin PBXTargetDependency section */
		183FF9632010440C00A84D2D /* PBXTargetDependency */ = {
			isa = PBXTargetDependency;
			target = 183FF9482010440B00A84D2D /* SFAudioRecorder */;
			targetProxy = 183FF9622010440C00A84D2D /* PBXContainerItemProxy */;
		};
		183FF96E2010440C00A84D2D /* PBXTargetDependency */ = {
			isa = PBXTargetDependency;
			target = 183FF9482010440B00A84D2D /* SFAudioRecorder */;
			targetProxy = 183FF96D2010440C00A84D2D /* PBXContainerItemProxy */;
		};
/* End PBXTargetDependency section */

/* Begin PBXVariantGroup section */
		183FF9522010440B00A84D2D /* Main.storyboard */ = {
			isa = PBXVariantGroup;
			children = (
				183FF9532010440B00A84D2D /* Base */,
			);
			name = Main.storyboard;
			sourceTree = "<group>";
		};
		183FF9572010440B00A84D2D /* LaunchScreen.storyboard */ = {
			isa = PBXVariantGroup;
			children = (
				183FF9582010440B00A84D2D /* Base */,
			);
			name = LaunchScreen.storyboard;
			sourceTree = "<group>";
		};
/* End PBXVariantGroup section */

/* Begin XCBuildConfiguration section */
		183FF9732010440C00A84D2D /* Debug */ = {
			isa = XCBuildConfiguration;
			buildSettings = {
				ALWAYS_SEARCH_USER_PATHS = NO;
				CLANG_ANALYZER_NONNULL = YES;
				CLANG_ANALYZER_NUMBER_OBJECT_CONVERSION = YES_AGGRESSIVE;
				CLANG_CXX_LANGUAGE_STANDARD = "gnu++14";
				CLANG_CXX_LIBRARY = "libc++";
				CLANG_ENABLE_MODULES = YES;
				CLANG_ENABLE_OBJC_ARC = YES;
				CLANG_WARN_BLOCK_CAPTURE_AUTORELEASING = YES;
				CLANG_WARN_BOOL_CONVERSION = YES;
				CLANG_WARN_COMMA = YES;
				CLANG_WARN_CONSTANT_CONVERSION = YES;
				CLANG_WARN_DIRECT_OBJC_ISA_USAGE = YES_ERROR;
				CLANG_WARN_DOCUMENTATION_COMMENTS = YES;
				CLANG_WARN_EMPTY_BODY = YES;
				CLANG_WARN_ENUM_CONVERSION = YES;
				CLANG_WARN_INFINITE_RECURSION = YES;
				CLANG_WARN_INT_CONVERSION = YES;
				CLANG_WARN_NON_LITERAL_NULL_CONVERSION = YES;
				CLANG_WARN_OBJC_LITERAL_CONVERSION = YES;
				CLANG_WARN_OBJC_ROOT_CLASS = YES_ERROR;
				CLANG_WARN_RANGE_LOOP_ANALYSIS = YES;
				CLANG_WARN_STRICT_PROTOTYPES = YES;
				CLANG_WARN_SUSPICIOUS_MOVE = YES;
				CLANG_WARN_UNGUARDED_AVAILABILITY = YES_AGGRESSIVE;
				CLANG_WARN_UNREACHABLE_CODE = YES;
				CLANG_WARN__DUPLICATE_METHOD_MATCH = YES;
				CODE_SIGN_IDENTITY = "iPhone Developer";
				COPY_PHASE_STRIP = NO;
				DEBUG_INFORMATION_FORMAT = dwarf;
				ENABLE_STRICT_OBJC_MSGSEND = YES;
				ENABLE_TESTABILITY = YES;
				GCC_C_LANGUAGE_STANDARD = gnu11;
				GCC_DYNAMIC_NO_PIC = NO;
				GCC_NO_COMMON_BLOCKS = YES;
				GCC_OPTIMIZATION_LEVEL = 0;
				GCC_PREPROCESSOR_DEFINITIONS = (
					"DEBUG=1",
					"$(inherited)",
				);
				GCC_WARN_64_TO_32_BIT_CONVERSION = YES;
				GCC_WARN_ABOUT_RETURN_TYPE = YES_ERROR;
				GCC_WARN_UNDECLARED_SELECTOR = YES;
				GCC_WARN_UNINITIALIZED_AUTOS = YES_AGGRESSIVE;
				GCC_WARN_UNUSED_FUNCTION = YES;
				GCC_WARN_UNUSED_VARIABLE = YES;
				IPHONEOS_DEPLOYMENT_TARGET = 11.2;
				MTL_ENABLE_DEBUG_INFO = YES;
				ONLY_ACTIVE_ARCH = YES;
				SDKROOT = iphoneos;
			};
			name = Debug;
		};
		183FF9742010440C00A84D2D /* Release */ = {
			isa = XCBuildConfiguration;
			buildSettings = {
				ALWAYS_SEARCH_USER_PATHS = NO;
				CLANG_ANALYZER_NONNULL = YES;
				CLANG_ANALYZER_NUMBER_OBJECT_CONVERSION = YES_AGGRESSIVE;
				CLANG_CXX_LANGUAGE_STANDARD = "gnu++14";
				CLANG_CXX_LIBRARY = "libc++";
				CLANG_ENABLE_MODULES = YES;
				CLANG_ENABLE_OBJC_ARC = YES;
				CLANG_WARN_BLOCK_CAPTURE_AUTORELEASING = YES;
				CLANG_WARN_BOOL_CONVERSION = YES;
				CLANG_WARN_COMMA = YES;
				CLANG_WARN_CONSTANT_CONVERSION = YES;
				CLANG_WARN_DIRECT_OBJC_ISA_USAGE = YES_ERROR;
				CLANG_WARN_DOCUMENTATION_COMMENTS = YES;
				CLANG_WARN_EMPTY_BODY = YES;
				CLANG_WARN_ENUM_CONVERSION = YES;
				CLANG_WARN_INFINITE_RECURSION = YES;
				CLANG_WARN_INT_CONVERSION = YES;
				CLANG_WARN_NON_LITERAL_NULL_CONVERSION = YES;
				CLANG_WARN_OBJC_LITERAL_CONVERSION = YES;
				CLANG_WARN_OBJC_ROOT_CLASS = YES_ERROR;
				CLANG_WARN_RANGE_LOOP_ANALYSIS = YES;
				CLANG_WARN_STRICT_PROTOTYPES = YES;
				CLANG_WARN_SUSPICIOUS_MOVE = YES;
				CLANG_WARN_UNGUARDED_AVAILABILITY = YES_AGGRESSIVE;
				CLANG_WARN_UNREACHABLE_CODE = YES;
				CLANG_WARN__DUPLICATE_METHOD_MATCH = YES;
				CODE_SIGN_IDENTITY = "iPhone Developer";
				COPY_PHASE_STRIP = NO;
				DEBUG_INFORMATION_FORMAT = "dwarf-with-dsym";
				ENABLE_NS_ASSERTIONS = NO;
				ENABLE_STRICT_OBJC_MSGSEND = YES;
				GCC_C_LANGUAGE_STANDARD = gnu11;
				GCC_NO_COMMON_BLOCKS = YES;
				GCC_WARN_64_TO_32_BIT_CONVERSION = YES;
				GCC_WARN_ABOUT_RETURN_TYPE = YES_ERROR;
				GCC_WARN_UNDECLARED_SELECTOR = YES;
				GCC_WARN_UNINITIALIZED_AUTOS = YES_AGGRESSIVE;
				GCC_WARN_UNUSED_FUNCTION = YES;
				GCC_WARN_UNUSED_VARIABLE = YES;
				IPHONEOS_DEPLOYMENT_TARGET = 11.2;
				MTL_ENABLE_DEBUG_INFO = NO;
				SDKROOT = iphoneos;
				VALIDATE_PRODUCT = YES;
			};
			name = Release;
		};
		183FF9762010440C00A84D2D /* Debug */ = {
			isa = XCBuildConfiguration;
			buildSettings = {
				ASSETCATALOG_COMPILER_APPICON_NAME = AppIcon;
				CODE_SIGN_STYLE = Automatic;
				DEVELOPMENT_TEAM = 9KXT42C4BR;
				GCC_PRECOMPILE_PREFIX_HEADER = YES;
				GCC_PREFIX_HEADER = SFAudioRecorder/SFPrefixHeader.pch;
				INFOPLIST_FILE = SFAudioRecorder/Info.plist;
				IPHONEOS_DEPLOYMENT_TARGET = 10.0;
				LD_RUNPATH_SEARCH_PATHS = "$(inherited) @executable_path/Frameworks";
				PRODUCT_BUNDLE_IDENTIFIER = com.easyhospital.SFAudioRecorder;
				PRODUCT_NAME = "$(TARGET_NAME)";
				TARGETED_DEVICE_FAMILY = "1,2";
			};
			name = Debug;
		};
		183FF9772010440C00A84D2D /* Release */ = {
			isa = XCBuildConfiguration;
			buildSettings = {
				ASSETCATALOG_COMPILER_APPICON_NAME = AppIcon;
				CODE_SIGN_STYLE = Automatic;
				DEVELOPMENT_TEAM = 9KXT42C4BR;
				GCC_PRECOMPILE_PREFIX_HEADER = YES;
				GCC_PREFIX_HEADER = SFAudioRecorder/SFPrefixHeader.pch;
				INFOPLIST_FILE = SFAudioRecorder/Info.plist;
				IPHONEOS_DEPLOYMENT_TARGET = 10.0;
				LD_RUNPATH_SEARCH_PATHS = "$(inherited) @executable_path/Frameworks";
				PRODUCT_BUNDLE_IDENTIFIER = com.easyhospital.SFAudioRecorder;
				PRODUCT_NAME = "$(TARGET_NAME)";
				TARGETED_DEVICE_FAMILY = "1,2";
			};
			name = Release;
		};
		183FF9792010440C00A84D2D /* Debug */ = {
			isa = XCBuildConfiguration;
			buildSettings = {
				BUNDLE_LOADER = "$(TEST_HOST)";
				CODE_SIGN_STYLE = Automatic;
				INFOPLIST_FILE = SFAudioRecorderTests/Info.plist;
				LD_RUNPATH_SEARCH_PATHS = "$(inherited) @executable_path/Frameworks @loader_path/Frameworks";
				PRODUCT_BUNDLE_IDENTIFIER = com.easyhospital.SFAudioRecorderTests;
				PRODUCT_NAME = "$(TARGET_NAME)";
				TARGETED_DEVICE_FAMILY = "1,2";
				TEST_HOST = "$(BUILT_PRODUCTS_DIR)/SFAudioRecorder.app/SFAudioRecorder";
			};
			name = Debug;
		};
		183FF97A2010440C00A84D2D /* Release */ = {
			isa = XCBuildConfiguration;
			buildSettings = {
				BUNDLE_LOADER = "$(TEST_HOST)";
				CODE_SIGN_STYLE = Automatic;
				INFOPLIST_FILE = SFAudioRecorderTests/Info.plist;
				LD_RUNPATH_SEARCH_PATHS = "$(inherited) @executable_path/Frameworks @loader_path/Frameworks";
				PRODUCT_BUNDLE_IDENTIFIER = com.easyhospital.SFAudioRecorderTests;
				PRODUCT_NAME = "$(TARGET_NAME)";
				TARGETED_DEVICE_FAMILY = "1,2";
				TEST_HOST = "$(BUILT_PRODUCTS_DIR)/SFAudioRecorder.app/SFAudioRecorder";
			};
			name = Release;
		};
		183FF97C2010440C00A84D2D /* Debug */ = {
			isa = XCBuildConfiguration;
			buildSettings = {
				CODE_SIGN_STYLE = Automatic;
				INFOPLIST_FILE = SFAudioRecorderUITests/Info.plist;
				LD_RUNPATH_SEARCH_PATHS = "$(inherited) @executable_path/Frameworks @loader_path/Frameworks";
				PRODUCT_BUNDLE_IDENTIFIER = com.easyhospital.SFAudioRecorderUITests;
				PRODUCT_NAME = "$(TARGET_NAME)";
				TARGETED_DEVICE_FAMILY = "1,2";
				TEST_TARGET_NAME = SFAudioRecorder;
			};
			name = Debug;
		};
		183FF97D2010440C00A84D2D /* Release */ = {
			isa = XCBuildConfiguration;
			buildSettings = {
				CODE_SIGN_STYLE = Automatic;
				INFOPLIST_FILE = SFAudioRecorderUITests/Info.plist;
				LD_RUNPATH_SEARCH_PATHS = "$(inherited) @executable_path/Frameworks @loader_path/Frameworks";
				PRODUCT_BUNDLE_IDENTIFIER = com.easyhospital.SFAudioRecorderUITests;
				PRODUCT_NAME = "$(TARGET_NAME)";
				TARGETED_DEVICE_FAMILY = "1,2";
				TEST_TARGET_NAME = SFAudioRecorder;
			};
			name = Release;
		};
/* End XCBuildConfiguration section */

/* Begin XCConfigurationList section */
		183FF9442010440B00A84D2D /* Build configuration list for PBXProject "SFAudioRecorder" */ = {
			isa = XCConfigurationList;
			buildConfigurations = (
				183FF9732010440C00A84D2D /* Debug */,
				183FF9742010440C00A84D2D /* Release */,
			);
			defaultConfigurationIsVisible = 0;
			defaultConfigurationName = Release;
		};
		183FF9752010440C00A84D2D /* Build configuration list for PBXNativeTarget "SFAudioRecorder" */ = {
			isa = XCConfigurationList;
			buildConfigurations = (
				183FF9762010440C00A84D2D /* Debug */,
				183FF9772010440C00A84D2D /* Release */,
			);
			defaultConfigurationIsVisible = 0;
			defaultConfigurationName = Release;
		};
		183FF9782010440C00A84D2D /* Build configuration list for PBXNativeTarget "SFAudioRecorderTests" */ = {
			isa = XCConfigurationList;
			buildConfigurations = (
				183FF9792010440C00A84D2D /* Debug */,
				183FF97A2010440C00A84D2D /* Release */,
			);
			defaultConfigurationIsVisible = 0;
			defaultConfigurationName = Release;
		};
		183FF97B2010440C00A84D2D /* Build configuration list for PBXNativeTarget "SFAudioRecorderUITests" */ = {
			isa = XCConfigurationList;
			buildConfigurations = (
				183FF97C2010440C00A84D2D /* Debug */,
				183FF97D2010440C00A84D2D /* Release */,
			);
			defaultConfigurationIsVisible = 0;
			defaultConfigurationName = Release;
		};
/* End XCConfigurationList section */
	};
	rootObject = 183FF9412010440B00A84D2D /* Project object */;
}
